
Microsoft Visual Studio Solution File, Format Version 12.00
# Visual Studio Version 17
VisualStudioVersion = 17.0.31912.275
MinimumVisualStudioVersion = 10.0.40219.1
Project("{FAE04EC0-301F-11D3-BF4B-00C04F79EFBC}") = "messagebox", "messagebox\messagebox.csproj", "{BFC44B7E-DD3C-496F-B486-C9E35AD0FA02}"
EndProject
Global
	GlobalSection(SolutionConfigurationPlatforms) = preSolution
		Debug|Any CPU = Debug|Any CPU
		Release|Any CPU = Release|Any CPU
	EndGlobalSection
	GlobalSection(ProjectConfigurationPlatforms) = postSolution
		{BFC44B7E-DD3C-496F-B486-C9E35AD0FA02}.Debug|Any CPU.ActiveCfg = Debug|Any CPU
		{BFC44B7E-DD3C-496F-B486-C9E35AD0FA02}.Debug|Any CPU.Build.0 = Debug|Any CPU
		{BFC44B7E-DD3C-496F-B486-C9E35AD0FA02}.Release|Any CPU.ActiveCfg = Release|Any CPU
		{BFC44B7E-DD3C-496F-B486-C9E35AD0FA02}.Release|Any CPU.Build.0 = Release|Any CPU
	EndGlobalSection
	GlobalSection(SolutionProperties) = preSolution
		HideSolutionNode = FALSE
	EndGlobalSection
	GlobalSection(ExtensibilityGlobals) = postSolution
		SolutionGuid = {88D8E9D3-7D20-4F7F-B98F-D406EFAD3F9B}
	EndGlobalSection
EndGlobal
